{
  "version": "5",
  "remote": {
    "https://edge.netlify.com/": "fd941d61d88673d5f28aab283fb86fcc50f08a3bc80ee5470498fcfa88c65cfb",
    "https://edge.netlify.com/bootstrap/config.ts": "6a2ce0e544e15e8f8883a5c18da5948e37fd0f2619f68cb31f3af53c51817025",
    "https://edge.netlify.com/bootstrap/context.ts": "72496497b40d9e808f419efc764ecb438952a32f61ed94cd54952fc59f17f69d",
    "https://edge.netlify.com/bootstrap/cookie.ts": "8b0baae708989ca183c6f3b4ab3d029e6abcbc2e43f93edeb0ff447b3bbc3a05",
    "https://edge.netlify.com/bootstrap/edge_function.ts": "b8253e86aa83c67341f5cfedeba5049d77fbf84dcab7eceff7566b7728ae9b39",
    "https://edge.netlify.com/bootstrap/globals/types.ts": "eaa6148ded3121d8dee62dd91c86e7fe76601df0f3ca8d7962243a30f4c8935f"
  },
  "workspace": {
    "packageJson": {
      "dependencies": [
        "npm:@emailjs/browser@^3.11.0",
        "npm:@lottiefiles/react-lottie-player@^3.5.3",
        "npm:@material-tailwind/react@^2.0.4",
        "npm:@neondatabase/serverless@^1.0.2",
        "npm:@radix-ui/react-checkbox@^1.3.3",
        "npm:@radix-ui/react-label@^2.1.8",
        "npm:@radix-ui/react-select@^2.2.6",
        "npm:@radix-ui/react-slot@^1.2.4",
        "npm:@types/better-sqlite3@^7.6.13",
        "npm:@types/node@20.3.2",
        "npm:@types/react-dom@^19.2.3",
        "npm:@types/react-modal-video@^1.2.0",
        "npm:@types/react-syntax-highlighter@^15.5.13",
        "npm:@types/react@^19.2.6",
        "npm:autoprefixer@^10.4.22",
        "npm:better-sqlite3@^12.4.1",
        "npm:class-variance-authority@~0.7.1",
        "npm:clsx@^2.1.1",
        "npm:dotenv@^17.2.3",
        "npm:drizzle-kit@~0.31.7",
        "npm:drizzle-orm@~0.44.7",
        "npm:eslint-config-next@13.4.7",
        "npm:eslint@8.43.0",
        "npm:imagekit-javascript@^4.0.1",
        "npm:imagekit@6",
        "npm:jose@^6.1.2",
        "npm:lucide-react@0.554",
        "npm:next-themes@~0.4.6",
        "npm:next@^16.0.3",
        "npm:postcss@^8.5.6",
        "npm:prismjs@^1.30.0",
        "npm:react-dom@^19.2.0",
        "npm:react-icons@^4.10.1",
        "npm:react-markdown@^10.1.0",
        "npm:react-modal-video@^2.0.1",
        "npm:react-syntax-highlighter@^16.1.0",
        "npm:react@^19.2.0",
        "npm:remark-gfm@^4.0.1",
        "npm:sass@^1.63.6",
        "npm:tailwind-merge@^3.4.0",
        "npm:tailwindcss-animate@^1.0.7",
        "npm:tailwindcss@^3.4.18",
        "npm:tsx@^4.20.6",
        "npm:typescript@^5.9.3"
      ]
    }
  }
}
